{
  "lockfileVersion": 1,
  "configVersion": 1,
  "workspaces": {
    "": {
      "name": "sol-airdrop",
      "dependencies": {
        "@solana/kit": "^5.1.0",
        "node-cron": "^4.2.1",
        "ws": "^8.18.3",
      },
      "devDependencies": {
        "@types/bun": "latest",
      },
      "peerDependencies": {
        "typescript": "^5",
      },
    },
  },
  "packages": {
    "@solana/accounts": ["@solana/accounts@5.1.0", "", { "dependencies": { "@solana/addresses": "5.1.0", "@solana/codecs-core": "5.1.0", "@solana/codecs-strings": "5.1.0", "@solana/errors": "5.1.0", "@solana/rpc-spec": "5.1.0", "@solana/rpc-types": "5.1.0" }, "peerDependencies": { "typescript": ">=5.3.3" } }, "sha512-Q1KzykCrl/YjLUH2RXF8vPq65U/ehAV2SHZicPbZ0jvgQUU6X1+Eca+0ilxA9xH8srYn3YTVDyEs/LYdfbY/2A=="],

    "@solana/addresses": ["@solana/addresses@5.1.0", "", { "dependencies": { "@solana/assertions": "5.1.0", "@solana/codecs-core": "5.1.0", "@solana/codecs-strings": "5.1.0", "@solana/errors": "5.1.0", "@solana/nominal-types": "5.1.0" }, "peerDependencies": { "typescript": ">=5.3.3" } }, "sha512-X84qSZLgve9YeYsyxGI49WnfEre53tdFu4x9/4oULBgoj8d0A+P9VGLYzmRJ0YFYKRcZG7U4u3MQpI5uLZ1AsQ=="],

    "@solana/assertions": ["@solana/assertions@5.1.0", "", { "dependencies": { "@solana/errors": "5.1.0" }, "peerDependencies": { "typescript": ">=5.3.3" } }, "sha512-5But2wyxuvGXMIOnD0jBMQ9yq1QQF2LSK3IbIRSkAkXbD3DS6O2tRvKUHNhogd+BpkPyCGOQHBycezgnxmStlg=="],

    "@solana/codecs": ["@solana/codecs@5.1.0", "", { "dependencies": { "@solana/codecs-core": "5.1.0", "@solana/codecs-data-structures": "5.1.0", "@solana/codecs-numbers": "5.1.0", "@solana/codecs-strings": "5.1.0", "@solana/options": "5.1.0" }, "peerDependencies": { "typescript": ">=5.3.3" } }, "sha512-krSuf/E2Sa/4oASZ/jb/5KGUG58m1/bQdLrKvBnoAFhYj7zZf+8V4UqHGTV5n2NCQfmMyORsg9n2saKjkUzo8w=="],

    "@solana/codecs-core": ["@solana/codecs-core@5.1.0", "", { "dependencies": { "@solana/errors": "5.1.0" }, "peerDependencies": { "typescript": ">=5.3.3" } }, "sha512-vDwi03mxWeWCS5Il6BCdNdifYdOoHVz97YOmbWGIt45b77Ivu5NUYeSD2+ccl6fSw8eYQ6QaqqKXMjbSfsXv4g=="],

    "@solana/codecs-data-structures": ["@solana/codecs-data-structures@5.1.0", "", { "dependencies": { "@solana/codecs-core": "5.1.0", "@solana/codecs-numbers": "5.1.0", "@solana/errors": "5.1.0" }, "peerDependencies": { "typescript": ">=5.3.3" } }, "sha512-ftAwL/jsurFrk9kFVhkTLdQ8fGZ8I0PcbVH+V1a0dIP2aKDofGePvK0XbwZE/ohizC9gEIZxyBX5IgRKk5PXyg=="],

    "@solana/codecs-numbers": ["@solana/codecs-numbers@5.1.0", "", { "dependencies": { "@solana/codecs-core": "5.1.0", "@solana/errors": "5.1.0" }, "peerDependencies": { "typescript": ">=5.3.3" } }, "sha512-Ea5/9yjDNOrDZcI40UGzzi6Aq1JNsmzM4m5pOk6Xb3JRZ0YdKOv/MwuCqb6jRgzZ7SQjHhkfGL43kHLJA++bOw=="],

    "@solana/codecs-strings": ["@solana/codecs-strings@5.1.0", "", { "dependencies": { "@solana/codecs-core": "5.1.0", "@solana/codecs-numbers": "5.1.0", "@solana/errors": "5.1.0" }, "peerDependencies": { "fastestsmallesttextencoderdecoder": "^1.0.22", "typescript": ">=5.3.3" }, "optionalPeers": ["fastestsmallesttextencoderdecoder"] }, "sha512-014xwl5T/3VnGW0gceizF47DUs5EURRtgGmbWIR5+Z32yxgQ6hT9Zl0atZbL268RHbUQ03/J8Ush1StQgy7sfQ=="],

    "@solana/errors": ["@solana/errors@5.1.0", "", { "dependencies": { "chalk": "5.6.2", "commander": "14.0.2" }, "peerDependencies": { "typescript": ">=5.3.3" }, "bin": { "errors": "bin/cli.mjs" } }, "sha512-JlTyekErWa6Fdcwu1Hrh+jZxjM4YxyorGCFDRVZlmHZFkp5N00DWKcYnSGZrTF8E6ZZEP9pfS2XwM8y7p7HPww=="],

    "@solana/fast-stable-stringify": ["@solana/fast-stable-stringify@5.1.0", "", { "peerDependencies": { "typescript": ">=5.3.3" } }, "sha512-ACZo7cH/5EXsBmruw/0gU2/PXL2l4aET0YpL93H6QEaZwEAICFD8cLkj20nBcfLTf4srEiuKtwuSDeONTWIulw=="],

    "@solana/functional": ["@solana/functional@5.1.0", "", { "peerDependencies": { "typescript": ">=5.3.3" } }, "sha512-R6jacWU0Gr+j49lTDp+FSECBolqw2Gq7JlC22rI0JkcxJiiAlp3G80v6zAYq0FkHzxZbjyR6//JYUXSwliem5g=="],

    "@solana/instruction-plans": ["@solana/instruction-plans@5.1.0", "", { "dependencies": { "@solana/errors": "5.1.0", "@solana/instructions": "5.1.0", "@solana/keys": "5.1.0", "@solana/promises": "5.1.0", "@solana/transaction-messages": "5.1.0", "@solana/transactions": "5.1.0" }, "peerDependencies": { "typescript": ">=5.3.3" } }, "sha512-friMgHt0z5jQlCyyTDXfwAMYjCAagI7QYR+hLWB/BmvSuRpai0ddToWbWJoqrNRM312xZ+Oy/qjC3+Ftzi0DLA=="],

    "@solana/instructions": ["@solana/instructions@5.1.0", "", { "dependencies": { "@solana/codecs-core": "5.1.0", "@solana/errors": "5.1.0" }, "peerDependencies": { "typescript": ">=5.3.3" } }, "sha512-fkwpUwwqk5K14T/kZDnCrfeR0kww49HBx+BK8xdSeJx+bt4QTwAHa9YeOkGhGrHEFVEJEUf8FKoxxTzZzJZtKQ=="],

    "@solana/keys": ["@solana/keys@5.1.0", "", { "dependencies": { "@solana/assertions": "5.1.0", "@solana/codecs-core": "5.1.0", "@solana/codecs-strings": "5.1.0", "@solana/errors": "5.1.0", "@solana/nominal-types": "5.1.0" }, "peerDependencies": { "typescript": ">=5.3.3" } }, "sha512-ma4zTTuSOmtTCvATHMfUGNTw0Vqah/6XPe1VmLc66ohwXMI3yqatX1FQPXgDZozr15SvLAesfs7/bgl2TRoe9w=="],

    "@solana/kit": ["@solana/kit@5.1.0", "", { "dependencies": { "@solana/accounts": "5.1.0", "@solana/addresses": "5.1.0", "@solana/codecs": "5.1.0", "@solana/errors": "5.1.0", "@solana/functional": "5.1.0", "@solana/instruction-plans": "5.1.0", "@solana/instructions": "5.1.0", "@solana/keys": "5.1.0", "@solana/offchain-messages": "5.1.0", "@solana/programs": "5.1.0", "@solana/rpc": "5.1.0", "@solana/rpc-parsed-types": "5.1.0", "@solana/rpc-spec-types": "5.1.0", "@solana/rpc-subscriptions": "5.1.0", "@solana/rpc-types": "5.1.0", "@solana/signers": "5.1.0", "@solana/sysvars": "5.1.0", "@solana/transaction-confirmation": "5.1.0", "@solana/transaction-messages": "5.1.0", "@solana/transactions": "5.1.0" }, "peerDependencies": { "typescript": ">=5.3.3" } }, "sha512-oNQRzI0+mGWmXy05psO0J7r9Boy8PF7LH5H0Y9Jxvs10AbG4oSOBtyj20EccsRrr+jkqLw42fqb/4rNuASfvsA=="],

    "@solana/nominal-types": ["@solana/nominal-types@5.1.0", "", { "peerDependencies": { "typescript": ">=5.3.3" } }, "sha512-+4Cm+SpK+D811i9giqv4Up93ZlmUcZfLDHkSH24F4in61+Y2TKA+XKuRtKhNytQMmqCfbvJZ9MHFaIeZw5g+Bg=="],

    "@solana/offchain-messages": ["@solana/offchain-messages@5.1.0", "", { "dependencies": { "@solana/addresses": "5.1.0", "@solana/codecs-core": "5.1.0", "@solana/codecs-data-structures": "5.1.0", "@solana/codecs-numbers": "5.1.0", "@solana/codecs-strings": "5.1.0", "@solana/errors": "5.1.0", "@solana/keys": "5.1.0", "@solana/nominal-types": "5.1.0" }, "peerDependencies": { "typescript": ">=5.3.3" } }, "sha512-6FUXjiIJprjWa7y/T4E3rUb3HKi3P5zpBweBEwDflEEJ/QlieWUw7xlGAOvZ1eF3Wi+6LfcrdtZOwIkuv6o9Sg=="],

    "@solana/options": ["@solana/options@5.1.0", "", { "dependencies": { "@solana/codecs-core": "5.1.0", "@solana/codecs-data-structures": "5.1.0", "@solana/codecs-numbers": "5.1.0", "@solana/codecs-strings": "5.1.0", "@solana/errors": "5.1.0" }, "peerDependencies": { "typescript": ">=5.3.3" } }, "sha512-PqgfALd0yhK+QFaYIbRFTV6hBpiy5xwdu07zSw1RLoNvt1sg+MRsRFDk9R8ZdEdiM69PY/cKiClVSjpNzLLcJg=="],

    "@solana/programs": ["@solana/programs@5.1.0", "", { "dependencies": { "@solana/addresses": "5.1.0", "@solana/errors": "5.1.0" }, "peerDependencies": { "typescript": ">=5.3.3" } }, "sha512-zAghXyRGixWNcarShlrnpjMD2115BZTF9JMLIcgkCYDOwjDPFIB/Y0hwDCH87N5uSjzlgkDpxKEL4ILewoZTRQ=="],

    "@solana/promises": ["@solana/promises@5.1.0", "", { "peerDependencies": { "typescript": ">=5.3.3" } }, "sha512-LU9wwS1PvGc/It610dclfq+JCuUEZSIWjvaF0+sqMP7QCk12Uz7MK2m9TtvLcjTvvKTIrucglRZP6qKroWRqGg=="],

    "@solana/rpc": ["@solana/rpc@5.1.0", "", { "dependencies": { "@solana/errors": "5.1.0", "@solana/fast-stable-stringify": "5.1.0", "@solana/functional": "5.1.0", "@solana/rpc-api": "5.1.0", "@solana/rpc-spec": "5.1.0", "@solana/rpc-spec-types": "5.1.0", "@solana/rpc-transformers": "5.1.0", "@solana/rpc-transport-http": "5.1.0", "@solana/rpc-types": "5.1.0" }, "peerDependencies": { "typescript": ">=5.3.3" } }, "sha512-j+ByLxFCoHWw9TnsGzkAVMFUfBDIUE53nIosJAYEsERpImD2mjwc33uDE6YXLKoaKRoYO4tc7IUzkKY1fQp/CA=="],

    "@solana/rpc-api": ["@solana/rpc-api@5.1.0", "", { "dependencies": { "@solana/addresses": "5.1.0", "@solana/codecs-core": "5.1.0", "@solana/codecs-strings": "5.1.0", "@solana/errors": "5.1.0", "@solana/keys": "5.1.0", "@solana/rpc-parsed-types": "5.1.0", "@solana/rpc-spec": "5.1.0", "@solana/rpc-transformers": "5.1.0", "@solana/rpc-types": "5.1.0", "@solana/transaction-messages": "5.1.0", "@solana/transactions": "5.1.0" }, "peerDependencies": { "typescript": ">=5.3.3" } }, "sha512-eI1tY0i3gmih1C65gFECYbfPRpHEYqFp+9IKjpknZtYpQIe9BqBKSpfYpGiCAbKdN/TMadBNPOzdK15ewhkkvQ=="],

    "@solana/rpc-parsed-types": ["@solana/rpc-parsed-types@5.1.0", "", { "peerDependencies": { "typescript": ">=5.3.3" } }, "sha512-ZJoXHNItALMNa1zmGrNnIh96RBlc9GpIqoaZkdE14mAQ7gWe7Oc0ejYavUeSCmcL0wZcvIFh50AsfVxrHr4+2Q=="],

    "@solana/rpc-spec": ["@solana/rpc-spec@5.1.0", "", { "dependencies": { "@solana/errors": "5.1.0", "@solana/rpc-spec-types": "5.1.0" }, "peerDependencies": { "typescript": ">=5.3.3" } }, "sha512-y8B6fUWA1EBKXUsNo6b9EiFcQPsaJREPLlcIDbo4b6TucQNwvl7FHfpf1VHJL64SkI/WE69i2WEkiOJYjmLO0A=="],

    "@solana/rpc-spec-types": ["@solana/rpc-spec-types@5.1.0", "", { "peerDependencies": { "typescript": ">=5.3.3" } }, "sha512-B8/WyjmHpC34vXtAmTpZyPwRCm7WwoSkmjBcBouaaY1uilJ9+Wp2nptbq2cJyWairOoMSoI7v5kvvnrJuquq4Q=="],

    "@solana/rpc-subscriptions": ["@solana/rpc-subscriptions@5.1.0", "", { "dependencies": { "@solana/errors": "5.1.0", "@solana/fast-stable-stringify": "5.1.0", "@solana/functional": "5.1.0", "@solana/promises": "5.1.0", "@solana/rpc-spec-types": "5.1.0", "@solana/rpc-subscriptions-api": "5.1.0", "@solana/rpc-subscriptions-channel-websocket": "5.1.0", "@solana/rpc-subscriptions-spec": "5.1.0", "@solana/rpc-transformers": "5.1.0", "@solana/rpc-types": "5.1.0", "@solana/subscribable": "5.1.0" }, "peerDependencies": { "typescript": ">=5.3.3" } }, "sha512-u/mafVzBbdqvYDD7x/98T5/5xk4Bl2C/90TaHiKx7FmutVC/H4QsritPTY0v9JG1dOVWbgIfUgfZ0C0DPkiYnA=="],

    "@solana/rpc-subscriptions-api": ["@solana/rpc-subscriptions-api@5.1.0", "", { "dependencies": { "@solana/addresses": "5.1.0", "@solana/keys": "5.1.0", "@solana/rpc-subscriptions-spec": "5.1.0", "@solana/rpc-transformers": "5.1.0", "@solana/rpc-types": "5.1.0", "@solana/transaction-messages": "5.1.0", "@solana/transactions": "5.1.0" }, "peerDependencies": { "typescript": ">=5.3.3" } }, "sha512-84e2AsgqAGiVloW3G4RzpHPkInknu3rEuFPut2/69eq3Ab97TiTz2s5kc9gJpprtGM+xbgnIfeuGqr5F+2bXQA=="],

    "@solana/rpc-subscriptions-channel-websocket": ["@solana/rpc-subscriptions-channel-websocket@5.1.0", "", { "dependencies": { "@solana/errors": "5.1.0", "@solana/functional": "5.1.0", "@solana/rpc-subscriptions-spec": "5.1.0", "@solana/subscribable": "5.1.0" }, "peerDependencies": { "typescript": ">=5.3.3", "ws": "^8.18.0" }, "optionalPeers": ["ws"] }, "sha512-FzAEmHzXtlckNn7T/1dzDS7r5HmekYPstrtZKjDcVxuGMVBUkZTnb69t7EJvKNuKw1wYZEUd0EEegtC2K/9dZA=="],

    "@solana/rpc-subscriptions-spec": ["@solana/rpc-subscriptions-spec@5.1.0", "", { "dependencies": { "@solana/errors": "5.1.0", "@solana/promises": "5.1.0", "@solana/rpc-spec-types": "5.1.0", "@solana/subscribable": "5.1.0" }, "peerDependencies": { "typescript": ">=5.3.3" } }, "sha512-ORfjKtainnYisql6z4YsXByVwY8/rWsedVWn5oe/V7Og9LyetTM7hwJ8FbUdRDZwyLlUrI0cEE1aG+3ma/8tPw=="],

    "@solana/rpc-transformers": ["@solana/rpc-transformers@5.1.0", "", { "dependencies": { "@solana/errors": "5.1.0", "@solana/functional": "5.1.0", "@solana/nominal-types": "5.1.0", "@solana/rpc-spec-types": "5.1.0", "@solana/rpc-types": "5.1.0" }, "peerDependencies": { "typescript": ">=5.3.3" } }, "sha512-6v93xi/ewGS/xEiSktNQ0bh0Uiv1/q9nR5oiFMn3BiAJRC+FdMRMxCjp6H+/Tua7wdhpClaPKrZYBQHoIp59tw=="],

    "@solana/rpc-transport-http": ["@solana/rpc-transport-http@5.1.0", "", { "dependencies": { "@solana/errors": "5.1.0", "@solana/rpc-spec": "5.1.0", "@solana/rpc-spec-types": "5.1.0", "undici-types": "^7.16.0" }, "peerDependencies": { "typescript": ">=5.3.3" } }, "sha512-XoGX+2n/iXzoGb3Xrltbx8avnzp15vCfCGXuZpQWFL+xUg3P4CGl217XyDGjS5VxuUml+f/30xzWl18RaAIEcw=="],

    "@solana/rpc-types": ["@solana/rpc-types@5.1.0", "", { "dependencies": { "@solana/addresses": "5.1.0", "@solana/codecs-core": "5.1.0", "@solana/codecs-numbers": "5.1.0", "@solana/codecs-strings": "5.1.0", "@solana/errors": "5.1.0", "@solana/nominal-types": "5.1.0" }, "peerDependencies": { "typescript": ">=5.3.3" } }, "sha512-Rnpt5BuHQvnULPNXUC/yRqB+7iPbon95CSCeyRvPj5tJ4fx2JibvX3s/UEoud5vC+kRjPi/R0BGJ8XFvd3eDWg=="],

    "@solana/signers": ["@solana/signers@5.1.0", "", { "dependencies": { "@solana/addresses": "5.1.0", "@solana/codecs-core": "5.1.0", "@solana/errors": "5.1.0", "@solana/instructions": "5.1.0", "@solana/keys": "5.1.0", "@solana/nominal-types": "5.1.0", "@solana/offchain-messages": "5.1.0", "@solana/transaction-messages": "5.1.0", "@solana/transactions": "5.1.0" }, "peerDependencies": { "typescript": ">=5.3.3" } }, "sha512-B8xO0SGN1ZWYfJROL+da3id279qNbXbXoqud+AuT5gur51RrS4YhNkTQ6khVbGtAOpPMAhkoZN0jnfCC1r33jQ=="],

    "@solana/subscribable": ["@solana/subscribable@5.1.0", "", { "dependencies": { "@solana/errors": "5.1.0" }, "peerDependencies": { "typescript": ">=5.3.3" } }, "sha512-OeW5AJwKzHh18+PIPtghuuPJTmEep2Mhb3Lsrq4alas4fibmMGkr39z1HXxVF6l6e2lu/YGhHIDtuhouWmY7ow=="],

    "@solana/sysvars": ["@solana/sysvars@5.1.0", "", { "dependencies": { "@solana/accounts": "5.1.0", "@solana/codecs": "5.1.0", "@solana/errors": "5.1.0", "@solana/rpc-types": "5.1.0" }, "peerDependencies": { "typescript": ">=5.3.3" } }, "sha512-FJ9YIsLTAaajnOrYEYn54znstXJsvKndRhyCrlyiAEN1IXHw5HtZHploLF3ZZ78b7YU3uv3tFJMziXFBwPOn4Q=="],

    "@solana/transaction-confirmation": ["@solana/transaction-confirmation@5.1.0", "", { "dependencies": { "@solana/addresses": "5.1.0", "@solana/codecs-strings": "5.1.0", "@solana/errors": "5.1.0", "@solana/keys": "5.1.0", "@solana/promises": "5.1.0", "@solana/rpc": "5.1.0", "@solana/rpc-subscriptions": "5.1.0", "@solana/rpc-types": "5.1.0", "@solana/transaction-messages": "5.1.0", "@solana/transactions": "5.1.0" }, "peerDependencies": { "typescript": ">=5.3.3" } }, "sha512-6HnL0uH8tWZXJVuaoeTbCQp/FS11Bsc4GSlq+k0N21GdhTbFuqBhsxlAYWbzPWs9+/kYRGHqqXvBPCReWxT7BA=="],

    "@solana/transaction-messages": ["@solana/transaction-messages@5.1.0", "", { "dependencies": { "@solana/addresses": "5.1.0", "@solana/codecs-core": "5.1.0", "@solana/codecs-data-structures": "5.1.0", "@solana/codecs-numbers": "5.1.0", "@solana/errors": "5.1.0", "@solana/functional": "5.1.0", "@solana/instructions": "5.1.0", "@solana/nominal-types": "5.1.0", "@solana/rpc-types": "5.1.0" }, "peerDependencies": { "typescript": ">=5.3.3" } }, "sha512-9rNV2YJhd85WIMvnwa/vUY4xUw3ZTU17jP1KDo/fFZWk55a0ov0ATJJPyC5HAR1i6hT1cmJzGH/UHhnD9m/Q3w=="],

    "@solana/transactions": ["@solana/transactions@5.1.0", "", { "dependencies": { "@solana/addresses": "5.1.0", "@solana/codecs-core": "5.1.0", "@solana/codecs-data-structures": "5.1.0", "@solana/codecs-numbers": "5.1.0", "@solana/codecs-strings": "5.1.0", "@solana/errors": "5.1.0", "@solana/functional": "5.1.0", "@solana/instructions": "5.1.0", "@solana/keys": "5.1.0", "@solana/nominal-types": "5.1.0", "@solana/rpc-types": "5.1.0", "@solana/transaction-messages": "5.1.0" }, "peerDependencies": { "typescript": ">=5.3.3" } }, "sha512-06JwSPtz+38ozNgpysAXS2eTMPQCufIisXB6K88X8J4GF8ziqs4nkq0BpXAXn+MpZTkuMt+JeW2RxP3HKhXe5g=="],

    "@types/bun": ["@types/bun@1.3.4", "", { "dependencies": { "bun-types": "1.3.4" } }, "sha512-EEPTKXHP+zKGPkhRLv+HI0UEX8/o+65hqARxLy8Ov5rIxMBPNTjeZww00CIihrIQGEQBYg+0roO5qOnS/7boGA=="],

    "@types/node": ["@types/node@25.0.2", "", { "dependencies": { "undici-types": "~7.16.0" } }, "sha512-gWEkeiyYE4vqjON/+Obqcoeffmk0NF15WSBwSs7zwVA2bAbTaE0SJ7P0WNGoJn8uE7fiaV5a7dKYIJriEqOrmA=="],

    "bun-types": ["bun-types@1.3.4", "", { "dependencies": { "@types/node": "*" } }, "sha512-5ua817+BZPZOlNaRgGBpZJOSAQ9RQ17pkwPD0yR7CfJg+r8DgIILByFifDTa+IPDDxzf5VNhtNlcKqFzDgJvlQ=="],

    "chalk": ["chalk@5.6.2", "", {}, "sha512-7NzBL0rN6fMUW+f7A6Io4h40qQlG+xGmtMxfbnH/K7TAtt8JQWVQK+6g0UXKMeVJoyV5EkkNsErQ8pVD3bLHbA=="],

    "commander": ["commander@14.0.2", "", {}, "sha512-TywoWNNRbhoD0BXs1P3ZEScW8W5iKrnbithIl0YH+uCmBd0QpPOA8yc82DS3BIE5Ma6FnBVUsJ7wVUDz4dvOWQ=="],

    "node-cron": ["node-cron@4.2.1", "", {}, "sha512-lgimEHPE/QDgFlywTd8yTR61ptugX3Qer29efeyWw2rv259HtGBNn1vZVmp8lB9uo9wC0t/AT4iGqXxia+CJFg=="],

    "typescript": ["typescript@5.9.3", "", { "bin": { "tsc": "bin/tsc", "tsserver": "bin/tsserver" } }, "sha512-jl1vZzPDinLr9eUt3J/t7V6FgNEw9QjvBPdysz9KfQDD41fQrC2Y4vKQdiaUpFT4bXlb1RHhLpp8wtm6M5TgSw=="],

    "undici-types": ["undici-types@7.16.0", "", {}, "sha512-Zz+aZWSj8LE6zoxD+xrjh4VfkIG8Ya6LvYkZqtUQGJPZjYl53ypCaUwWqo7eI0x66KBGeRo+mlBEkMSeSZ38Nw=="],

    "ws": ["ws@8.18.3", "", { "peerDependencies": { "bufferutil": "^4.0.1", "utf-8-validate": ">=5.0.2" }, "optionalPeers": ["bufferutil", "utf-8-validate"] }, "sha512-PEIGCY5tSlUt50cqyMXfCzX+oOPqN0vuGqWzbcJ2xvnkzkq46oOpz7dQaTDBdfICb4N14+GARUDw2XV2N4tvzg=="],
  }
}
